
Microsoft Visual Studio Solution File, Format Version 12.00
# Visual Studio Version 16
VisualStudioVersion = 16.0.29209.62
MinimumVisualStudioVersion = 10.0.40219.1
Project("{FAE04EC0-301F-11D3-BF4B-00C04F79EFBC}") = "VariablesAndInputAndConversionAndFormatting", "VariablesAndInputAndConversionAndFormatting\VariablesAndInputAndConversionAndFormatting.csproj", "{FE112C92-1B94-46A0-BC3C-CADCCB9D342A}"
EndProject
Project("{9A19103F-16F7-4668-BE54-9A1E7A4F7556}") = "ConditionalExpressions", "ConditionalExpressions\ConditionalExpressions.csproj", "{E36BFA88-2E99-4897-BA12-7016CE525ADD}"
EndProject
Project("{9A19103F-16F7-4668-BE54-9A1E7A4F7556}") = "LoopExamples", "LoopExamples\LoopExamples.csproj", "{62C77276-848E-46AE-87C9-9A2A76B9713E}"
EndProject
Project("{FAE04EC0-301F-11D3-BF4B-00C04F79EFBC}") = "CheckingInput", "CheckingInput\CheckingInput.csproj", "{913A451B-1D0E-4CBC-B070-D5D332CA7FC0}"
EndProject
Project("{9A19103F-16F7-4668-BE54-9A1E7A4F7556}") = "TestWAdam", "TestWAdam\TestWAdam.csproj", "{A51110C8-801A-4CD8-AB47-956AE2313015}"
EndProject
Project("{FAE04EC0-301F-11D3-BF4B-00C04F79EFBC}") = "FizzBuzzTest", "FizzBuzzTest\FizzBuzzTest.csproj", "{7695934D-711A-4EC2-B552-E6F164FC6BEC}"
EndProject
Global
	GlobalSection(SolutionConfigurationPlatforms) = preSolution
		Debug|Any CPU = Debug|Any CPU
		Release|Any CPU = Release|Any CPU
	EndGlobalSection
	GlobalSection(ProjectConfigurationPlatforms) = postSolution
		{FE112C92-1B94-46A0-BC3C-CADCCB9D342A}.Debug|Any CPU.ActiveCfg = Debug|Any CPU
		{FE112C92-1B94-46A0-BC3C-CADCCB9D342A}.Debug|Any CPU.Build.0 = Debug|Any CPU
		{FE112C92-1B94-46A0-BC3C-CADCCB9D342A}.Release|Any CPU.ActiveCfg = Release|Any CPU
		{FE112C92-1B94-46A0-BC3C-CADCCB9D342A}.Release|Any CPU.Build.0 = Release|Any CPU
		{E36BFA88-2E99-4897-BA12-7016CE525ADD}.Debug|Any CPU.ActiveCfg = Debug|Any CPU
		{E36BFA88-2E99-4897-BA12-7016CE525ADD}.Debug|Any CPU.Build.0 = Debug|Any CPU
		{E36BFA88-2E99-4897-BA12-7016CE525ADD}.Release|Any CPU.ActiveCfg = Release|Any CPU
		{E36BFA88-2E99-4897-BA12-7016CE525ADD}.Release|Any CPU.Build.0 = Release|Any CPU
		{62C77276-848E-46AE-87C9-9A2A76B9713E}.Debug|Any CPU.ActiveCfg = Debug|Any CPU
		{62C77276-848E-46AE-87C9-9A2A76B9713E}.Debug|Any CPU.Build.0 = Debug|Any CPU
		{62C77276-848E-46AE-87C9-9A2A76B9713E}.Release|Any CPU.ActiveCfg = Release|Any CPU
		{62C77276-848E-46AE-87C9-9A2A76B9713E}.Release|Any CPU.Build.0 = Release|Any CPU
		{913A451B-1D0E-4CBC-B070-D5D332CA7FC0}.Debug|Any CPU.ActiveCfg = Debug|Any CPU
		{913A451B-1D0E-4CBC-B070-D5D332CA7FC0}.Debug|Any CPU.Build.0 = Debug|Any CPU
		{913A451B-1D0E-4CBC-B070-D5D332CA7FC0}.Release|Any CPU.ActiveCfg = Release|Any CPU
		{913A451B-1D0E-4CBC-B070-D5D332CA7FC0}.Release|Any CPU.Build.0 = Release|Any CPU
		{A51110C8-801A-4CD8-AB47-956AE2313015}.Debug|Any CPU.ActiveCfg = Debug|Any CPU
		{A51110C8-801A-4CD8-AB47-956AE2313015}.Debug|Any CPU.Build.0 = Debug|Any CPU
		{A51110C8-801A-4CD8-AB47-956AE2313015}.Release|Any CPU.ActiveCfg = Release|Any CPU
		{A51110C8-801A-4CD8-AB47-956AE2313015}.Release|Any CPU.Build.0 = Release|Any CPU
		{7695934D-711A-4EC2-B552-E6F164FC6BEC}.Debug|Any CPU.ActiveCfg = Debug|Any CPU
		{7695934D-711A-4EC2-B552-E6F164FC6BEC}.Debug|Any CPU.Build.0 = Debug|Any CPU
		{7695934D-711A-4EC2-B552-E6F164FC6BEC}.Release|Any CPU.ActiveCfg = Release|Any CPU
		{7695934D-711A-4EC2-B552-E6F164FC6BEC}.Release|Any CPU.Build.0 = Release|Any CPU
	EndGlobalSection
	GlobalSection(SolutionProperties) = preSolution
		HideSolutionNode = FALSE
	EndGlobalSection
	GlobalSection(ExtensibilityGlobals) = postSolution
		SolutionGuid = {182633B4-64EE-46F6-AE6E-844F31E24B73}
	EndGlobalSection
EndGlobal
